<?xml version="1.0" encoding="utf-8"?>
<Project ToolsVersion="4.0" xmlns="http://schemas.microsoft.com/developer/msbuild/2003">
  <ItemGroup>
    <Filter Include="App">
      <UniqueIdentifier>{7cddd992-585d-4eb7-b1c0-2c64966f0dac}</UniqueIdentifier>
    </Filter>
    <Filter Include="View">
      <UniqueIdentifier>{f2ea5555-36fa-4c86-b488-ce87d1f53762}</UniqueIdentifier>
    </Filter>
    <Filter Include="View\IView">
      <UniqueIdentifier>{78ecd7f7-c951-4d7c-b686-27ee6232a78a}</UniqueIdentifier>
    </Filter>
    <Filter Include="View\View Class">
      <UniqueIdentifier>{831e5c0e-ced9-4f03-9a48-71627737d0c8}</UniqueIdentifier>
    </Filter>
    <Filter Include="Presenter">
      <UniqueIdentifier>{6fcca5e4-2ada-4948-8b91-aee73e867d41}</UniqueIdentifier>
    </Filter>
    <Filter Include="Presenter\Presenter Class">
      <UniqueIdentifier>{f17e43c2-34b8-4ea6-b102-0cc03c941cfa}</UniqueIdentifier>
    </Filter>
    <Filter Include="Domain">
      <UniqueIdentifier>{5f9d8078-6514-4969-8ed7-004e2390a004}</UniqueIdentifier>
    </Filter>
    <Filter Include="Domain\Cotizador">
      <UniqueIdentifier>{329c3b27-362b-4daf-be65-15d9b3db4a5a}</UniqueIdentifier>
    </Filter>
    <Filter Include="Domain\Prendas">
      <UniqueIdentifier>{b0837871-aeee-40dd-ac07-e6480734346f}</UniqueIdentifier>
    </Filter>
    <Filter Include="Domain\Prendas\Factory">
      <UniqueIdentifier>{e468908e-f1d8-41bd-9ff7-7e7683c1051d}</UniqueIdentifier>
    </Filter>
    <Filter Include="Domain\Prendas\Types">
      <UniqueIdentifier>{d93dd9b4-6372-41f1-a04b-4c3a1ca3a319}</UniqueIdentifier>
    </Filter>
    <Filter Include="Domain\Prendas\Types\Camisa">
      <UniqueIdentifier>{b4a1193b-99cf-466b-ac23-8f22ac67fc07}</UniqueIdentifier>
    </Filter>
    <Filter Include="Domain\Prendas\Types\Pantalon">
      <UniqueIdentifier>{d1ab5031-2e4b-4717-b064-badccd26335b}</UniqueIdentifier>
    </Filter>
    <Filter Include="Domain\Historial">
      <UniqueIdentifier>{52f67d7b-6412-47a8-ab0b-25c0e68ea99d}</UniqueIdentifier>
    </Filter>
    <Filter Include="Domain\Vendedor">
      <UniqueIdentifier>{cbd40cff-f671-4de9-8b40-a79a47adffe7}</UniqueIdentifier>
    </Filter>
    <Filter Include="Domain\Tienda">
      <UniqueIdentifier>{d348efaa-49c8-49ff-99f6-54cb9e19370f}</UniqueIdentifier>
    </Filter>
  </ItemGroup>
  <ItemGroup>
    <ClCompile Include="Main.cpp">
      <Filter>App</Filter>
    </ClCompile>
    <ClCompile Include="View.cpp">
      <Filter>View\View Class</Filter>
    </ClCompile>
    <ClCompile Include="Presenter.cpp">
      <Filter>Presenter\Presenter Class</Filter>
    </ClCompile>
    <ClCompile Include="Cotizador.cpp">
      <Filter>Domain\Cotizador</Filter>
    </ClCompile>
    <ClCompile Include="Prenda.cpp">
      <Filter>Domain\Prendas</Filter>
    </ClCompile>
    <ClCompile Include="PrendaFactory.cpp">
      <Filter>Domain\Prendas\Factory</Filter>
    </ClCompile>
    <ClCompile Include="Camisa.cpp">
      <Filter>Domain\Prendas\Types\Camisa</Filter>
    </ClCompile>
    <ClCompile Include="Pantalon.cpp">
      <Filter>Domain\Prendas\Types\Pantalon</Filter>
    </ClCompile>
    <ClCompile Include="Historial.cpp">
      <Filter>Domain\Historial</Filter>
    </ClCompile>
    <ClCompile Include="Vendedor.cpp">
      <Filter>Domain\Vendedor</Filter>
    </ClCompile>
    <ClCompile Include="Tienda.cpp">
      <Filter>Domain\Tienda</Filter>
    </ClCompile>
  </ItemGroup>
  <ItemGroup>
    <ClInclude Include="IView.h">
      <Filter>View\IView</Filter>
    </ClInclude>
    <ClInclude Include="View.h">
      <Filter>View\View Class</Filter>
    </ClInclude>
    <ClInclude Include="Presenter.h">
      <Filter>Presenter\Presenter Class</Filter>
    </ClInclude>
    <ClInclude Include="Cotizador.h">
      <Filter>Domain\Cotizador</Filter>
    </ClInclude>
    <ClInclude Include="Prenda.h">
      <Filter>Domain\Prendas</Filter>
    </ClInclude>
    <ClInclude Include="PrendaFactory.h">
      <Filter>Domain\Prendas\Factory</Filter>
    </ClInclude>
    <ClInclude Include="Camisa.h">
      <Filter>Domain\Prendas\Types\Camisa</Filter>
    </ClInclude>
    <ClInclude Include="Pantalon.h">
      <Filter>Domain\Prendas\Types\Pantalon</Filter>
    </ClInclude>
    <ClInclude Include="Historial.h">
      <Filter>Domain\Historial</Filter>
    </ClInclude>
    <ClInclude Include="Vendedor.h">
      <Filter>Domain\Vendedor</Filter>
    </ClInclude>
    <ClInclude Include="Tienda.h">
      <Filter>Domain\Tienda</Filter>
    </ClInclude>
  </ItemGroup>
</Project>